
Microsoft Visual Studio Solution File, Format Version 12.00
# Visual Studio Version 17
VisualStudioVersion = 17.5.33530.505
MinimumVisualStudioVersion = 10.0.40219.1
Project("{9A19103F-16F7-4668-BE54-9A1E7A4F7556}") = "Captcha.Service.Generator", "Captcha.Service.Generator\Captcha.Service.Generator.csproj", "{5214E1BB-0F1E-4E0F-9B1D-98520B860C38}"
EndProject
Global
	GlobalSection(SolutionConfigurationPlatforms) = preSolution
		Debug|Any CPU = Debug|Any CPU
		Release|Any CPU = Release|Any CPU
	EndGlobalSection
	GlobalSection(ProjectConfigurationPlatforms) = postSolution
		{5214E1BB-0F1E-4E0F-9B1D-98520B860C38}.Debug|Any CPU.ActiveCfg = Debug|Any CPU
		{5214E1BB-0F1E-4E0F-9B1D-98520B860C38}.Debug|Any CPU.Build.0 = Debug|Any CPU
		{5214E1BB-0F1E-4E0F-9B1D-98520B860C38}.Release|Any CPU.ActiveCfg = Release|Any CPU
		{5214E1BB-0F1E-4E0F-9B1D-98520B860C38}.Release|Any CPU.Build.0 = Release|Any CPU
	EndGlobalSection
	GlobalSection(SolutionProperties) = preSolution
		HideSolutionNode = FALSE
	EndGlobalSection
	GlobalSection(ExtensibilityGlobals) = postSolution
		SolutionGuid = {9B6D0B4C-CFB9-4D84-B23B-5E0FB1923B9F}
	EndGlobalSection
EndGlobal
